{
  "name": "miniprogram",
  "version": "1.0.0",
  "lockfileVersion": 3,
  "requires": true,
  "packages": {
    "": {
      "name": "miniprogram",
      "version": "1.0.0",
      "license": "ISC",
      "dependencies": {
        "@babel/runtime": "^7.23.8",
        "regenerator-runtime": "^0.14.0",
        "tdesign-miniprogram": "^1.8.7",
        "weui-miniprogram": "^1.5.6"
      },
      "devDependencies": {}
    },
    "node_modules/@babel/runtime": {
      "version": "7.26.10",
      "resolved": "https://registry.npmmirror.com/@babel/runtime/-/runtime-7.26.10.tgz",
      "integrity": "sha512-2WJMeRQPHKSPemqk/awGrAiuFfzBmOIPXKizAsVhWH9YJqLZ0H+HS4c8loHGgW6utJ3E/ejXQUsiGaQy2NZ9Fw==",
      "license": "MIT",
      "dependencies": {
        "regenerator-runtime": "^0.14.0"
      },
      "engines": {
        "node": ">=6.9.0"
      }
    },
    "node_modules/dayjs": {
      "version": "1.11.13",
      "resolved": "https://registry.npmmirror.com/dayjs/-/dayjs-1.11.13.tgz",
      "integrity": "sha512-oaMBel6gjolK862uaPQOVTA7q3TZhuSvuMQAAglQDOWYO9A91IrAOUJEyKVlqJlHE0vq5p5UXxzdPfMH/x6xNg==",
      "license": "MIT"
    },
    "node_modules/regenerator-runtime": {
      "version": "0.14.1",
      "resolved": "https://registry.npmmirror.com/regenerator-runtime/-/regenerator-runtime-0.14.1.tgz",
      "integrity": "sha512-dYnhHh0nJoMfnkZs6GmmhFknAGRrLznOu5nc9ML+EJxGvrx6H7teuevqVqCuPcPK//3eDrrjQhehXVx9cnkGdw==",
      "license": "MIT"
    },
    "node_modules/tdesign-miniprogram": {
      "version": "1.8.7",
      "resolved": "https://registry.npmmirror.com/tdesign-miniprogram/-/tdesign-miniprogram-1.8.7.tgz",
      "integrity": "sha512-O9UOwt47I40nAt5HvFppkXt4ZuRQTM+E5Utbmx2WHxtVfGutVDAk46zmMQzJ5tc4DHPAJlVTuLPEMcJLld/63w==",
      "license": "MIT",
      "dependencies": {
        "dayjs": "^1.10.7",
        "tinycolor2": "^1.4.2"
      }
    },
    "node_modules/tinycolor2": {
      "version": "1.6.0",
      "resolved": "https://registry.npmmirror.com/tinycolor2/-/tinycolor2-1.6.0.tgz",
      "integrity": "sha512-XPaBkWQJdsf3pLKJV9p4qN/S+fm2Oj8AIPo1BTUhg5oxkvm9+SVEGFdhyOz7tTdUTfvxMiAs4sp6/eZO2Ew+pw==",
      "license": "MIT"
    },
    "node_modules/weui-miniprogram": {
      "version": "1.5.6",
      "resolved": "https://registry.npmmirror.com/weui-miniprogram/-/weui-miniprogram-1.5.6.tgz",
      "integrity": "sha512-bGRHUdrQkFf6FzNT5UTapAMRdZQF0UP2uKu9ZR4MkPNwO3cWzlrkW8vBLxdS6k02O3VeNFATj/AsBCjHAsMBzA==",
      "license": "MIT"
    }
  }
}
